// !$*UTF8*$!
{
	archiveVersion = 1;
	classes = {
	};
	objectVersion = 56;
	objects = {

/* Begin PBXBuildFile section */
		11BDB1212C4DB20A00538C6F /* MardiGrasApp.swift in Sources */ = {isa = PBXBuildFile; fileRef = 11BDB1202C4DB20A00538C6F /* MardiGrasApp.swift */; };
		11BDB1232C4DB20A00538C6F /* ContentView.swift in Sources */ = {isa = PBXBuildFile; fileRef = 11BDB1222C4DB20A00538C6F /* ContentView.swift */; };
		11BDB1252C4DB20C00538C6F /* Assets.xcassets in Resources */ = {isa = PBXBuildFile; fileRef = 11BDB1242C4DB20C00538C6F /* Assets.xcassets */; };
		11BDB1282C4DB20C00538C6F /* Preview Assets.xcassets in Resources */ = {isa = PBXBuildFile; fileRef = 11BDB1272C4DB20C00538C6F /* Preview Assets.xcassets */; };
		11BDB12F2C4DB29A00538C6F /* ParadeKrewe.swift in Sources */ = {isa = PBXBuildFile; fileRef = 11BDB12E2C4DB29A00538C6F /* ParadeKrewe.swift */; };
		11BDB1332C4DE98800538C6F /* Inconsolata-VariableFont_wdth,wght.ttf in Resources */ = {isa = PBXBuildFile; fileRef = 11BDB1312C4DE98800538C6F /* Inconsolata-VariableFont_wdth,wght.ttf */; };
		11BDB1342C4DE98800538C6F /* Karla-VariableFont_wght.ttf in Resources */ = {isa = PBXBuildFile; fileRef = 11BDB1322C4DE98800538C6F /* Karla-VariableFont_wght.ttf */; };
		11BDB1382C4DEBAA00538C6F /* Font+Style.swift in Sources */ = {isa = PBXBuildFile; fileRef = 11BDB1372C4DEBAA00538C6F /* Font+Style.swift */; };
		11BDB13A2C4DF03D00538C6F /* MapView.swift in Sources */ = {isa = PBXBuildFile; fileRef = 11BDB1392C4DF03D00538C6F /* MapView.swift */; };
/* End PBXBuildFile section */

/* Begin PBXFileReference section */
		11BDB11D2C4DB20A00538C6F /* MardiGras.app */ = {isa = PBXFileReference; explicitFileType = wrapper.application; includeInIndex = 0; path = MardiGras.app; sourceTree = BUILT_PRODUCTS_DIR; };
		11BDB1202C4DB20A00538C6F /* MardiGrasApp.swift */ = {isa = PBXFileReference; lastKnownFileType = sourcecode.swift; path = MardiGrasApp.swift; sourceTree = "<group>"; };
		11BDB1222C4DB20A00538C6F /* ContentView.swift */ = {isa = PBXFileReference; lastKnownFileType = sourcecode.swift; path = ContentView.swift; sourceTree = "<group>"; };
		11BDB1242C4DB20C00538C6F /* Assets.xcassets */ = {isa = PBXFileReference; lastKnownFileType = folder.assetcatalog; path = Assets.xcassets; sourceTree = "<group>"; };
		11BDB1272C4DB20C00538C6F /* Preview Assets.xcassets */ = {isa = PBXFileReference; lastKnownFileType = folder.assetcatalog; path = "Preview Assets.xcassets"; sourceTree = "<group>"; };
		11BDB12E2C4DB29A00538C6F /* ParadeKrewe.swift */ = {isa = PBXFileReference; lastKnownFileType = sourcecode.swift; path = ParadeKrewe.swift; sourceTree = "<group>"; };
		11BDB1312C4DE98800538C6F /* Inconsolata-VariableFont_wdth,wght.ttf */ = {isa = PBXFileReference; lastKnownFileType = file; path = "Inconsolata-VariableFont_wdth,wght.ttf"; sourceTree = "<group>"; };
		11BDB1322C4DE98800538C6F /* Karla-VariableFont_wght.ttf */ = {isa = PBXFileReference; lastKnownFileType = file; path = "Karla-VariableFont_wght.ttf"; sourceTree = "<group>"; };
		11BDB1352C4DE9A400538C6F /* Info.plist */ = {isa = PBXFileReference; lastKnownFileType = text.plist; path = Info.plist; sourceTree = "<group>"; };
		11BDB1372C4DEBAA00538C6F /* Font+Style.swift */ = {isa = PBXFileReference; lastKnownFileType = sourcecode.swift; path = "Font+Style.swift"; sourceTree = "<group>"; };
		11BDB1392C4DF03D00538C6F /* MapView.swift */ = {isa = PBXFileReference; lastKnownFileType = sourcecode.swift; path = MapView.swift; sourceTree = "<group>"; };
/* End PBXFileReference section */

/* Begin PBXFrameworksBuildPhase section */
		11BDB11A2C4DB20A00538C6F /* Frameworks */ = {
			isa = PBXFrameworksBuildPhase;
			buildActionMask = 2147483647;
			files = (
			);
			runOnlyForDeploymentPostprocessing = 0;
		};
/* End PBXFrameworksBuildPhase section */

/* Begin PBXGroup section */
		11BDB1142C4DB20A00538C6F = {
			isa = PBXGroup;
			children = (
				11BDB11F2C4DB20A00538C6F /* MardiGras */,
				11BDB11E2C4DB20A00538C6F /* Products */,
			);
			sourceTree = "<group>";
		};
		11BDB11E2C4DB20A00538C6F /* Products */ = {
			isa = PBXGroup;
			children = (
				11BDB11D2C4DB20A00538C6F /* MardiGras.app */,
			);
			name = Products;
			sourceTree = "<group>";
		};
		11BDB11F2C4DB20A00538C6F /* MardiGras */ = {
			isa = PBXGroup;
			children = (
				11BDB1352C4DE9A400538C6F /* Info.plist */,
				11BDB1202C4DB20A00538C6F /* MardiGrasApp.swift */,
				11BDB1372C4DEBAA00538C6F /* Font+Style.swift */,
				11BDB13B2C4DF04D00538C6F /* Model */,
				11BDB1362C4DEB8B00538C6F /* Views */,
				11BDB1242C4DB20C00538C6F /* Assets.xcassets */,
				11BDB1302C4DE95900538C6F /* fonts */,
				11BDB1262C4DB20C00538C6F /* Preview Content */,
			);
			path = MardiGras;
			sourceTree = "<group>";
		};
		11BDB1262C4DB20C00538C6F /* Preview Content */ = {
			isa = PBXGroup;
			children = (
				11BDB1272C4DB20C00538C6F /* Preview Assets.xcassets */,
			);
			path = "Preview Content";
			sourceTree = "<group>";
		};
		11BDB1302C4DE95900538C6F /* fonts */ = {
			isa = PBXGroup;
			children = (
				11BDB1312C4DE98800538C6F /* Inconsolata-VariableFont_wdth,wght.ttf */,
				11BDB1322C4DE98800538C6F /* Karla-VariableFont_wght.ttf */,
			);
			path = fonts;
			sourceTree = "<group>";
		};
		11BDB1362C4DEB8B00538C6F /* Views */ = {
			isa = PBXGroup;
			children = (
				11BDB1222C4DB20A00538C6F /* ContentView.swift */,
				11BDB1392C4DF03D00538C6F /* MapView.swift */,
			);
			path = Views;
			sourceTree = "<group>";
		};
		11BDB13B2C4DF04D00538C6F /* Model */ = {
			isa = PBXGroup;
			children = (
				11BDB12E2C4DB29A00538C6F /* ParadeKrewe.swift */,
			);
			path = Model;
			sourceTree = "<group>";
		};
/* End PBXGroup section */

/* Begin PBXNativeTarget section */
		11BDB11C2C4DB20A00538C6F /* MardiGras */ = {
			isa = PBXNativeTarget;
			buildConfigurationList = 11BDB12B2C4DB20C00538C6F /* Build configuration list for PBXNativeTarget "MardiGras" */;
			buildPhases = (
				11BDB1192C4DB20A00538C6F /* Sources */,
				11BDB11A2C4DB20A00538C6F /* Frameworks */,
				11BDB11B2C4DB20A00538C6F /* Resources */,
			);
			buildRules = (
			);
			dependencies = (
			);
			name = MardiGras;
			productName = MardiGras;
			productReference = 11BDB11D2C4DB20A00538C6F /* MardiGras.app */;
			productType = "com.apple.product-type.application";
		};
/* End PBXNativeTarget section */

/* Begin PBXProject section */
		11BDB1152C4DB20A00538C6F /* Project object */ = {
			isa = PBXProject;
			attributes = {
				BuildIndependentTargetsInParallel = 1;
				LastSwiftUpdateCheck = 1540;
				LastUpgradeCheck = 1540;
				TargetAttributes = {
					11BDB11C2C4DB20A00538C6F = {
						CreatedOnToolsVersion = 15.4;
					};
				};
			};
			buildConfigurationList = 11BDB1182C4DB20A00538C6F /* Build configuration list for PBXProject "MardiGras" */;
			compatibilityVersion = "Xcode 14.0";
			developmentRegion = en;
			hasScannedForEncodings = 0;
			knownRegions = (
				en,
				Base,
			);
			mainGroup = 11BDB1142C4DB20A00538C6F;
			productRefGroup = 11BDB11E2C4DB20A00538C6F /* Products */;
			projectDirPath = "";
			projectRoot = "";
			targets = (
				11BDB11C2C4DB20A00538C6F /* MardiGras */,
			);
		};
/* End PBXProject section */

/* Begin PBXResourcesBuildPhase section */
		11BDB11B2C4DB20A00538C6F /* Resources */ = {
			isa = PBXResourcesBuildPhase;
			buildActionMask = 2147483647;
			files = (
				11BDB1282C4DB20C00538C6F /* Preview Assets.xcassets in Resources */,
				11BDB1342C4DE98800538C6F /* Karla-VariableFont_wght.ttf in Resources */,
				11BDB1252C4DB20C00538C6F /* Assets.xcassets in Resources */,
				11BDB1332C4DE98800538C6F /* Inconsolata-VariableFont_wdth,wght.ttf in Resources */,
			);
			runOnlyForDeploymentPostprocessing = 0;
		};
/* End PBXResourcesBuildPhase section */

/* Begin PBXSourcesBuildPhase section */
		11BDB1192C4DB20A00538C6F /* Sources */ = {
			isa = PBXSourcesBuildPhase;
			buildActionMask = 2147483647;
			files = (
				11BDB12F2C4DB29A00538C6F /* ParadeKrewe.swift in Sources */,
				11BDB1232C4DB20A00538C6F /* ContentView.swift in Sources */,
				11BDB13A2C4DF03D00538C6F /* MapView.swift in Sources */,
				11BDB1382C4DEBAA00538C6F /* Font+Style.swift in Sources */,
				11BDB1212C4DB20A00538C6F /* MardiGrasApp.swift in Sources */,
			);
			runOnlyForDeploymentPostprocessing = 0;
		};
/* End PBXSourcesBuildPhase section */

/* Begin XCBuildConfiguration section */
		11BDB1292C4DB20C00538C6F /* Debug */ = {
			isa = XCBuildConfiguration;
			buildSettings = {
				ALWAYS_SEARCH_USER_PATHS = NO;
				ASSETCATALOG_COMPILER_GENERATE_SWIFT_ASSET_SYMBOL_EXTENSIONS = YES;
				CLANG_ANALYZER_NONNULL = YES;
				CLANG_ANALYZER_NUMBER_OBJECT_CONVERSION = YES_AGGRESSIVE;
				CLANG_CXX_LANGUAGE_STANDARD = "gnu++20";
				CLANG_ENABLE_MODULES = YES;
				CLANG_ENABLE_OBJC_ARC = YES;
				CLANG_ENABLE_OBJC_WEAK = YES;
				CLANG_WARN_BLOCK_CAPTURE_AUTORELEASING = YES;
				CLANG_WARN_BOOL_CONVERSION = YES;
				CLANG_WARN_COMMA = YES;
				CLANG_WARN_CONSTANT_CONVERSION = YES;
				CLANG_WARN_DEPRECATED_OBJC_IMPLEMENTATIONS = YES;
				CLANG_WARN_DIRECT_OBJC_ISA_USAGE = YES_ERROR;
				CLANG_WARN_DOCUMENTATION_COMMENTS = YES;
				CLANG_WARN_EMPTY_BODY = YES;
				CLANG_WARN_ENUM_CONVERSION = YES;
				CLANG_WARN_INFINITE_RECURSION = YES;
				CLANG_WARN_INT_CONVERSION = YES;
				CLANG_WARN_NON_LITERAL_NULL_CONVERSION = YES;
				CLANG_WARN_OBJC_IMPLICIT_RETAIN_SELF = YES;
				CLANG_WARN_OBJC_LITERAL_CONVERSION = YES;
				CLANG_WARN_OBJC_ROOT_CLASS = YES_ERROR;
				CLANG_WARN_QUOTED_INCLUDE_IN_FRAMEWORK_HEADER = YES;
				CLANG_WARN_RANGE_LOOP_ANALYSIS = YES;
				CLANG_WARN_STRICT_PROTOTYPES = YES;
				CLANG_WARN_SUSPICIOUS_MOVE = YES;
				CLANG_WARN_UNGUARDED_AVAILABILITY = YES_AGGRESSIVE;
				CLANG_WARN_UNREACHABLE_CODE = YES;
				CLANG_WARN__DUPLICATE_METHOD_MATCH = YES;
				COPY_PHASE_STRIP = NO;
				DEBUG_INFORMATION_FORMAT = dwarf;
				ENABLE_STRICT_OBJC_MSGSEND = YES;
				ENABLE_TESTABILITY = YES;
				ENABLE_USER_SCRIPT_SANDBOXING = YES;
				GCC_C_LANGUAGE_STANDARD = gnu17;
				GCC_DYNAMIC_NO_PIC = NO;
				GCC_NO_COMMON_BLOCKS = YES;
				GCC_OPTIMIZATION_LEVEL = 0;
				GCC_PREPROCESSOR_DEFINITIONS = (
					"DEBUG=1",
					"$(inherited)",
				);
				GCC_WARN_64_TO_32_BIT_CONVERSION = YES;
				GCC_WARN_ABOUT_RETURN_TYPE = YES_ERROR;
				GCC_WARN_UNDECLARED_SELECTOR = YES;
				GCC_WARN_UNINITIALIZED_AUTOS = YES_AGGRESSIVE;
				GCC_WARN_UNUSED_FUNCTION = YES;
				GCC_WARN_UNUSED_VARIABLE = YES;
				IPHONEOS_DEPLOYMENT_TARGET = 17.5;
				LOCALIZATION_PREFERS_STRING_CATALOGS = YES;
				MTL_ENABLE_DEBUG_INFO = INCLUDE_SOURCE;
				MTL_FAST_MATH = YES;
				ONLY_ACTIVE_ARCH = YES;
				SDKROOT = iphoneos;
				SWIFT_ACTIVE_COMPILATION_CONDITIONS = "DEBUG $(inherited)";
				SWIFT_OPTIMIZATION_LEVEL = "-Onone";
			};
			name = Debug;
		};
		11BDB12A2C4DB20C00538C6F /* Release */ = {
			isa = XCBuildConfiguration;
			buildSettings = {
				ALWAYS_SEARCH_USER_PATHS = NO;
				ASSETCATALOG_COMPILER_GENERATE_SWIFT_ASSET_SYMBOL_EXTENSIONS = YES;
				CLANG_ANALYZER_NONNULL = YES;
				CLANG_ANALYZER_NUMBER_OBJECT_CONVERSION = YES_AGGRESSIVE;
				CLANG_CXX_LANGUAGE_STANDARD = "gnu++20";
				CLANG_ENABLE_MODULES = YES;
				CLANG_ENABLE_OBJC_ARC = YES;
				CLANG_ENABLE_OBJC_WEAK = YES;
				CLANG_WARN_BLOCK_CAPTURE_AUTORELEASING = YES;
				CLANG_WARN_BOOL_CONVERSION = YES;
				CLANG_WARN_COMMA = YES;
				CLANG_WARN_CONSTANT_CONVERSION = YES;
				CLANG_WARN_DEPRECATED_OBJC_IMPLEMENTATIONS = YES;
				CLANG_WARN_DIRECT_OBJC_ISA_USAGE = YES_ERROR;
				CLANG_WARN_DOCUMENTATION_COMMENTS = YES;
				CLANG_WARN_EMPTY_BODY = YES;
				CLANG_WARN_ENUM_CONVERSION = YES;
				CLANG_WARN_INFINITE_RECURSION = YES;
				CLANG_WARN_INT_CONVERSION = YES;
				CLANG_WARN_NON_LITERAL_NULL_CONVERSION = YES;
				CLANG_WARN_OBJC_IMPLICIT_RETAIN_SELF = YES;
				CLANG_WARN_OBJC_LITERAL_CONVERSION = YES;
				CLANG_WARN_OBJC_ROOT_CLASS = YES_ERROR;
				CLANG_WARN_QUOTED_INCLUDE_IN_FRAMEWORK_HEADER = YES;
				CLANG_WARN_RANGE_LOOP_ANALYSIS = YES;
				CLANG_WARN_STRICT_PROTOTYPES = YES;
				CLANG_WARN_SUSPICIOUS_MOVE = YES;
				CLANG_WARN_UNGUARDED_AVAILABILITY = YES_AGGRESSIVE;
				CLANG_WARN_UNREACHABLE_CODE = YES;
				CLANG_WARN__DUPLICATE_METHOD_MATCH = YES;
				COPY_PHASE_STRIP = NO;
				DEBUG_INFORMATION_FORMAT = "dwarf-with-dsym";
				ENABLE_NS_ASSERTIONS = NO;
				ENABLE_STRICT_OBJC_MSGSEND = YES;
				ENABLE_USER_SCRIPT_SANDBOXING = YES;
				GCC_C_LANGUAGE_STANDARD = gnu17;
				GCC_NO_COMMON_BLOCKS = YES;
				GCC_WARN_64_TO_32_BIT_CONVERSION = YES;
				GCC_WARN_ABOUT_RETURN_TYPE = YES_ERROR;
				GCC_WARN_UNDECLARED_SELECTOR = YES;
				GCC_WARN_UNINITIALIZED_AUTOS = YES_AGGRESSIVE;
				GCC_WARN_UNUSED_FUNCTION = YES;
				GCC_WARN_UNUSED_VARIABLE = YES;
				IPHONEOS_DEPLOYMENT_TARGET = 17.5;
				LOCALIZATION_PREFERS_STRING_CATALOGS = YES;
				MTL_ENABLE_DEBUG_INFO = NO;
				MTL_FAST_MATH = YES;
				SDKROOT = iphoneos;
				SWIFT_COMPILATION_MODE = wholemodule;
				VALIDATE_PRODUCT = YES;
			};
			name = Release;
		};
		11BDB12C2C4DB20C00538C6F /* Debug */ = {
			isa = XCBuildConfiguration;
			buildSettings = {
				ASSETCATALOG_COMPILER_APPICON_NAME = AppIcon;
				ASSETCATALOG_COMPILER_GLOBAL_ACCENT_COLOR_NAME = AccentColor;
				CODE_SIGN_STYLE = Automatic;
				CURRENT_PROJECT_VERSION = 1;
				DEVELOPMENT_ASSET_PATHS = "\"MardiGras/Preview Content\"";
				DEVELOPMENT_TEAM = R82DC4STSC;
				ENABLE_PREVIEWS = YES;
				GENERATE_INFOPLIST_FILE = YES;
				INFOPLIST_FILE = MardiGras/Info.plist;
				INFOPLIST_KEY_UIApplicationSceneManifest_Generation = YES;
				INFOPLIST_KEY_UIApplicationSupportsIndirectInputEvents = YES;
				INFOPLIST_KEY_UILaunchScreen_Generation = YES;
				INFOPLIST_KEY_UISupportedInterfaceOrientations_iPad = "UIInterfaceOrientationPortrait UIInterfaceOrientationPortraitUpsideDown UIInterfaceOrientationLandscapeLeft UIInterfaceOrientationLandscapeRight";
				INFOPLIST_KEY_UISupportedInterfaceOrientations_iPhone = "UIInterfaceOrientationPortrait UIInterfaceOrientationLandscapeLeft UIInterfaceOrientationLandscapeRight";
				IPHONEOS_DEPLOYMENT_TARGET = 17.0;
				LD_RUNPATH_SEARCH_PATHS = (
					"$(inherited)",
					"@executable_path/Frameworks",
				);
				MARKETING_VERSION = 1.0;
				PRODUCT_BUNDLE_IDENTIFIER = com.swift.janice.MardiGras;
				PRODUCT_NAME = "$(TARGET_NAME)";
				SWIFT_EMIT_LOC_STRINGS = YES;
				SWIFT_VERSION = 5.0;
				TARGETED_DEVICE_FAMILY = "1,2";
			};
			name = Debug;
		};
		11BDB12D2C4DB20C00538C6F /* Release */ = {
			isa = XCBuildConfiguration;
			buildSettings = {
				ASSETCATALOG_COMPILER_APPICON_NAME = AppIcon;
				ASSETCATALOG_COMPILER_GLOBAL_ACCENT_COLOR_NAME = AccentColor;
				CODE_SIGN_STYLE = Automatic;
				CURRENT_PROJECT_VERSION = 1;
				DEVELOPMENT_ASSET_PATHS = "\"MardiGras/Preview Content\"";
				DEVELOPMENT_TEAM = R82DC4STSC;
				ENABLE_PREVIEWS = YES;
				GENERATE_INFOPLIST_FILE = YES;
				INFOPLIST_FILE = MardiGras/Info.plist;
				INFOPLIST_KEY_UIApplicationSceneManifest_Generation = YES;
				INFOPLIST_KEY_UIApplicationSupportsIndirectInputEvents = YES;
				INFOPLIST_KEY_UILaunchScreen_Generation = YES;
				INFOPLIST_KEY_UISupportedInterfaceOrientations_iPad = "UIInterfaceOrientationPortrait UIInterfaceOrientationPortraitUpsideDown UIInterfaceOrientationLandscapeLeft UIInterfaceOrientationLandscapeRight";
				INFOPLIST_KEY_UISupportedInterfaceOrientations_iPhone = "UIInterfaceOrientationPortrait UIInterfaceOrientationLandscapeLeft UIInterfaceOrientationLandscapeRight";
				IPHONEOS_DEPLOYMENT_TARGET = 17.0;
				LD_RUNPATH_SEARCH_PATHS = (
					"$(inherited)",
					"@executable_path/Frameworks",
				);
				MARKETING_VERSION = 1.0;
				PRODUCT_BUNDLE_IDENTIFIER = com.swift.janice.MardiGras;
				PRODUCT_NAME = "$(TARGET_NAME)";
				SWIFT_EMIT_LOC_STRINGS = YES;
				SWIFT_VERSION = 5.0;
				TARGETED_DEVICE_FAMILY = "1,2";
			};
			name = Release;
		};
/* End XCBuildConfiguration section */

/* Begin XCConfigurationList section */
		11BDB1182C4DB20A00538C6F /* Build configuration list for PBXProject "MardiGras" */ = {
			isa = XCConfigurationList;
			buildConfigurations = (
				11BDB1292C4DB20C00538C6F /* Debug */,
				11BDB12A2C4DB20C00538C6F /* Release */,
			);
			defaultConfigurationIsVisible = 0;
			defaultConfigurationName = Release;
		};
		11BDB12B2C4DB20C00538C6F /* Build configuration list for PBXNativeTarget "MardiGras" */ = {
			isa = XCConfigurationList;
			buildConfigurations = (
				11BDB12C2C4DB20C00538C6F /* Debug */,
				11BDB12D2C4DB20C00538C6F /* Release */,
			);
			defaultConfigurationIsVisible = 0;
			defaultConfigurationName = Release;
		};
/* End XCConfigurationList section */
	};
	rootObject = 11BDB1152C4DB20A00538C6F /* Project object */;
}
